
Microsoft Visual Studio Solution File, Format Version 12.00
# SQL Server Management Studio Version 21
VisualStudioVersion = 17.14.36429.23
MinimumVisualStudioVersion = 10.0.40219.1
Project("{4F2E2C19-372F-40D8-9FA7-9D2138C6997A}") = "BibeCatalogueDB", "BibeCatalogueDB.ssmssqlproj", "{CF57174F-C752-FD06-4228-A05207148F5D}"
EndProject
Global
	GlobalSection(SolutionConfigurationPlatforms) = preSolution
		Default|Default = Default|Default
	EndGlobalSection
	GlobalSection(ProjectConfigurationPlatforms) = postSolution
		{CF57174F-C752-FD06-4228-A05207148F5D}.Default|Default.ActiveCfg = Default
		{61A6BEE9-0EE7-4A0B-B5D7-B216811C9FCE}.Default|Default.ActiveCfg = Default
	EndGlobalSection
	GlobalSection(SolutionProperties) = preSolution
		HideSolutionNode = FALSE
	EndGlobalSection
	GlobalSection(ExtensibilityGlobals) = postSolution
		SolutionGuid = {343DACDE-4263-4526-864E-F44A6497CC22}
	EndGlobalSection
EndGlobal
